
Microsoft Visual Studio Solution File, Format Version 12.00
# Visual Studio 15
VisualStudioVersion = 15.0.27703.2042
MinimumVisualStudioVersion = 10.0.40219.1
Project("{FAE04EC0-301F-11D3-BF4B-00C04F79EFBC}") = "ExpenseAnalysis", "ExpenseAnalysis\ExpenseAnalysis\ExpenseAnalysis.csproj", "{B0B25CE3-0BD0-49CC-BCE4-49260106218A}"
EndProject
Project("{FAE04EC0-301F-11D3-BF4B-00C04F79EFBC}") = "ExpenseAnalysis.Droid", "ExpenseAnalysis\ExpenseAnalysis.Droid\ExpenseAnalysis.Droid.csproj", "{F8FB4A5F-E6A9-470F-A0D5-B485BADDB93B}"
EndProject
Project("{FAE04EC0-301F-11D3-BF4B-00C04F79EFBC}") = "ExpenseAnalysis.iOS", "ExpenseAnalysis\ExpenseAnalysis.iOS\ExpenseAnalysis.iOS.csproj", "{A52F1D41-5F5A-400A-B1C6-1225B236B55A}"
EndProject
Project("{FAE04EC0-301F-11D3-BF4B-00C04F79EFBC}") = "ExpenseAnalysis.UWP", "ExpenseAnalysis\ExpenseAnalysis.UWP\ExpenseAnalysis.UWP.csproj", "{E67232AE-84B8-400B-BD13-80E750DBE388}"
EndProject
Project("{FAE04EC0-301F-11D3-BF4B-00C04F79EFBC}") = "ExpenseAnalysis.macOS", "ExpenseAnalysis\ExpenseAnalysis.macOS\ExpenseAnalysis.macOS.csproj", "{AFDD6E9B-C2D8-44E4-A829-17446D9C485F}"
EndProject
Global
	GlobalSection(SolutionConfigurationPlatforms) = preSolution
		Ad-Hoc|Any CPU = Ad-Hoc|Any CPU
		Ad-Hoc|ARM = Ad-Hoc|ARM
		Ad-Hoc|iPhone = Ad-Hoc|iPhone
		Ad-Hoc|iPhoneSimulator = Ad-Hoc|iPhoneSimulator
		Ad-Hoc|x64 = Ad-Hoc|x64
		Ad-Hoc|x86 = Ad-Hoc|x86
		AppStore|Any CPU = AppStore|Any CPU
		AppStore|ARM = AppStore|ARM
		AppStore|iPhone = AppStore|iPhone
		AppStore|iPhoneSimulator = AppStore|iPhoneSimulator
		AppStore|x64 = AppStore|x64
		AppStore|x86 = AppStore|x86
		Debug|Any CPU = Debug|Any CPU
		Debug|ARM = Debug|ARM
		Debug|iPhone = Debug|iPhone
		Debug|iPhoneSimulator = Debug|iPhoneSimulator
		Debug|x64 = Debug|x64
		Debug|x86 = Debug|x86
		Release|Any CPU = Release|Any CPU
		Release|ARM = Release|ARM
		Release|iPhone = Release|iPhone
		Release|iPhoneSimulator = Release|iPhoneSimulator
		Release|x64 = Release|x64
		Release|x86 = Release|x86
	EndGlobalSection
	GlobalSection(ProjectConfigurationPlatforms) = postSolution
		{B0B25CE3-0BD0-49CC-BCE4-49260106218A}.Ad-Hoc|Any CPU.ActiveCfg = Release|Any CPU
		{B0B25CE3-0BD0-49CC-BCE4-49260106218A}.Ad-Hoc|Any CPU.Build.0 = Release|Any CPU
		{B0B25CE3-0BD0-49CC-BCE4-49260106218A}.Ad-Hoc|ARM.ActiveCfg = Release|Any CPU
		{B0B25CE3-0BD0-49CC-BCE4-49260106218A}.Ad-Hoc|ARM.Build.0 = Release|Any CPU
		{B0B25CE3-0BD0-49CC-BCE4-49260106218A}.Ad-Hoc|iPhone.ActiveCfg = Release|Any CPU
		{B0B25CE3-0BD0-49CC-BCE4-49260106218A}.Ad-Hoc|iPhone.Build.0 = Release|Any CPU
		{B0B25CE3-0BD0-49CC-BCE4-49260106218A}.Ad-Hoc|iPhoneSimulator.ActiveCfg = Release|Any CPU
		{B0B25CE3-0BD0-49CC-BCE4-49260106218A}.Ad-Hoc|iPhoneSimulator.Build.0 = Release|Any CPU
		{B0B25CE3-0BD0-49CC-BCE4-49260106218A}.Ad-Hoc|x64.ActiveCfg = Release|Any CPU
		{B0B25CE3-0BD0-49CC-BCE4-49260106218A}.Ad-Hoc|x64.Build.0 = Release|Any CPU
		{B0B25CE3-0BD0-49CC-BCE4-49260106218A}.Ad-Hoc|x86.ActiveCfg = Release|Any CPU
		{B0B25CE3-0BD0-49CC-BCE4-49260106218A}.Ad-Hoc|x86.Build.0 = Release|Any CPU
		{B0B25CE3-0BD0-49CC-BCE4-49260106218A}.AppStore|Any CPU.ActiveCfg = Release|Any CPU
		{B0B25CE3-0BD0-49CC-BCE4-49260106218A}.AppStore|Any CPU.Build.0 = Release|Any CPU
		{B0B25CE3-0BD0-49CC-BCE4-49260106218A}.AppStore|ARM.ActiveCfg = Release|Any CPU
		{B0B25CE3-0BD0-49CC-BCE4-49260106218A}.AppStore|ARM.Build.0 = Release|Any CPU
		{B0B25CE3-0BD0-49CC-BCE4-49260106218A}.AppStore|iPhone.ActiveCfg = Release|Any CPU
		{B0B25CE3-0BD0-49CC-BCE4-49260106218A}.AppStore|iPhone.Build.0 = Release|Any CPU
		{B0B25CE3-0BD0-49CC-BCE4-49260106218A}.AppStore|iPhoneSimulator.ActiveCfg = Release|Any CPU
		{B0B25CE3-0BD0-49CC-BCE4-49260106218A}.AppStore|iPhoneSimulator.Build.0 = Release|Any CPU
		{B0B25CE3-0BD0-49CC-BCE4-49260106218A}.AppStore|x64.ActiveCfg = Release|Any CPU
		{B0B25CE3-0BD0-49CC-BCE4-49260106218A}.AppStore|x64.Build.0 = Release|Any CPU
		{B0B25CE3-0BD0-49CC-BCE4-49260106218A}.AppStore|x86.ActiveCfg = Release|Any CPU
		{B0B25CE3-0BD0-49CC-BCE4-49260106218A}.AppStore|x86.Build.0 = Release|Any CPU
		{B0B25CE3-0BD0-49CC-BCE4-49260106218A}.Debug|Any CPU.ActiveCfg = Debug|Any CPU
		{B0B25CE3-0BD0-49CC-BCE4-49260106218A}.Debug|Any CPU.Build.0 = Debug|Any CPU
		{B0B25CE3-0BD0-49CC-BCE4-49260106218A}.Debug|ARM.ActiveCfg = Debug|Any CPU
		{B0B25CE3-0BD0-49CC-BCE4-49260106218A}.Debug|ARM.Build.0 = Debug|Any CPU
		{B0B25CE3-0BD0-49CC-BCE4-49260106218A}.Debug|iPhone.ActiveCfg = Debug|Any CPU
		{B0B25CE3-0BD0-49CC-BCE4-49260106218A}.Debug|iPhone.Build.0 = Debug|Any CPU
		{B0B25CE3-0BD0-49CC-BCE4-49260106218A}.Debug|iPhoneSimulator.ActiveCfg = Debug|Any CPU
		{B0B25CE3-0BD0-49CC-BCE4-49260106218A}.Debug|iPhoneSimulator.Build.0 = Debug|Any CPU
		{B0B25CE3-0BD0-49CC-BCE4-49260106218A}.Debug|x64.ActiveCfg = Debug|Any CPU
		{B0B25CE3-0BD0-49CC-BCE4-49260106218A}.Debug|x64.Build.0 = Debug|Any CPU
		{B0B25CE3-0BD0-49CC-BCE4-49260106218A}.Debug|x86.ActiveCfg = Debug|Any CPU
		{B0B25CE3-0BD0-49CC-BCE4-49260106218A}.Debug|x86.Build.0 = Debug|Any CPU
		{B0B25CE3-0BD0-49CC-BCE4-49260106218A}.Release|Any CPU.ActiveCfg = Release|Any CPU
		{B0B25CE3-0BD0-49CC-BCE4-49260106218A}.Release|Any CPU.Build.0 = Release|Any CPU
		{B0B25CE3-0BD0-49CC-BCE4-49260106218A}.Release|ARM.ActiveCfg = Release|Any CPU
		{B0B25CE3-0BD0-49CC-BCE4-49260106218A}.Release|ARM.Build.0 = Release|Any CPU
		{B0B25CE3-0BD0-49CC-BCE4-49260106218A}.Release|iPhone.ActiveCfg = Release|Any CPU
		{B0B25CE3-0BD0-49CC-BCE4-49260106218A}.Release|iPhone.Build.0 = Release|Any CPU
		{B0B25CE3-0BD0-49CC-BCE4-49260106218A}.Release|iPhoneSimulator.ActiveCfg = Release|Any CPU
		{B0B25CE3-0BD0-49CC-BCE4-49260106218A}.Release|iPhoneSimulator.Build.0 = Release|Any CPU
		{B0B25CE3-0BD0-49CC-BCE4-49260106218A}.Release|x64.ActiveCfg = Release|Any CPU
		{B0B25CE3-0BD0-49CC-BCE4-49260106218A}.Release|x64.Build.0 = Release|Any CPU
		{B0B25CE3-0BD0-49CC-BCE4-49260106218A}.Release|x86.ActiveCfg = Release|Any CPU
		{B0B25CE3-0BD0-49CC-BCE4-49260106218A}.Release|x86.Build.0 = Release|Any CPU
		{F8FB4A5F-E6A9-470F-A0D5-B485BADDB93B}.Ad-Hoc|Any CPU.ActiveCfg = Release|Any CPU
		{F8FB4A5F-E6A9-470F-A0D5-B485BADDB93B}.Ad-Hoc|Any CPU.Build.0 = Release|Any CPU
		{F8FB4A5F-E6A9-470F-A0D5-B485BADDB93B}.Ad-Hoc|Any CPU.Deploy.0 = Release|Any CPU
		{F8FB4A5F-E6A9-470F-A0D5-B485BADDB93B}.Ad-Hoc|ARM.ActiveCfg = Release|Any CPU
		{F8FB4A5F-E6A9-470F-A0D5-B485BADDB93B}.Ad-Hoc|ARM.Build.0 = Release|Any CPU
		{F8FB4A5F-E6A9-470F-A0D5-B485BADDB93B}.Ad-Hoc|ARM.Deploy.0 = Release|Any CPU
		{F8FB4A5F-E6A9-470F-A0D5-B485BADDB93B}.Ad-Hoc|iPhone.ActiveCfg = Release|Any CPU
		{F8FB4A5F-E6A9-470F-A0D5-B485BADDB93B}.Ad-Hoc|iPhone.Build.0 = Release|Any CPU
		{F8FB4A5F-E6A9-470F-A0D5-B485BADDB93B}.Ad-Hoc|iPhone.Deploy.0 = Release|Any CPU
		{F8FB4A5F-E6A9-470F-A0D5-B485BADDB93B}.Ad-Hoc|iPhoneSimulator.ActiveCfg = Release|Any CPU
		{F8FB4A5F-E6A9-470F-A0D5-B485BADDB93B}.Ad-Hoc|iPhoneSimulator.Build.0 = Release|Any CPU
		{F8FB4A5F-E6A9-470F-A0D5-B485BADDB93B}.Ad-Hoc|iPhoneSimulator.Deploy.0 = Release|Any CPU
		{F8FB4A5F-E6A9-470F-A0D5-B485BADDB93B}.Ad-Hoc|x64.ActiveCfg = Release|Any CPU
		{F8FB4A5F-E6A9-470F-A0D5-B485BADDB93B}.Ad-Hoc|x64.Build.0 = Release|Any CPU
		{F8FB4A5F-E6A9-470F-A0D5-B485BADDB93B}.Ad-Hoc|x64.Deploy.0 = Release|Any CPU
		{F8FB4A5F-E6A9-470F-A0D5-B485BADDB93B}.Ad-Hoc|x86.ActiveCfg = Release|Any CPU
		{F8FB4A5F-E6A9-470F-A0D5-B485BADDB93B}.Ad-Hoc|x86.Build.0 = Release|Any CPU
		{F8FB4A5F-E6A9-470F-A0D5-B485BADDB93B}.Ad-Hoc|x86.Deploy.0 = Release|Any CPU
		{F8FB4A5F-E6A9-470F-A0D5-B485BADDB93B}.AppStore|Any CPU.ActiveCfg = Release|Any CPU
		{F8FB4A5F-E6A9-470F-A0D5-B485BADDB93B}.AppStore|Any CPU.Build.0 = Release|Any CPU
		{F8FB4A5F-E6A9-470F-A0D5-B485BADDB93B}.AppStore|Any CPU.Deploy.0 = Release|Any CPU
		{F8FB4A5F-E6A9-470F-A0D5-B485BADDB93B}.AppStore|ARM.ActiveCfg = Release|Any CPU
		{F8FB4A5F-E6A9-470F-A0D5-B485BADDB93B}.AppStore|ARM.Build.0 = Release|Any CPU
		{F8FB4A5F-E6A9-470F-A0D5-B485BADDB93B}.AppStore|ARM.Deploy.0 = Release|Any CPU
		{F8FB4A5F-E6A9-470F-A0D5-B485BADDB93B}.AppStore|iPhone.ActiveCfg = Release|Any CPU
		{F8FB4A5F-E6A9-470F-A0D5-B485BADDB93B}.AppStore|iPhone.Build.0 = Release|Any CPU
		{F8FB4A5F-E6A9-470F-A0D5-B485BADDB93B}.AppStore|iPhone.Deploy.0 = Release|Any CPU
		{F8FB4A5F-E6A9-470F-A0D5-B485BADDB93B}.AppStore|iPhoneSimulator.ActiveCfg = Release|Any CPU
		{F8FB4A5F-E6A9-470F-A0D5-B485BADDB93B}.AppStore|iPhoneSimulator.Build.0 = Release|Any CPU
		{F8FB4A5F-E6A9-470F-A0D5-B485BADDB93B}.AppStore|iPhoneSimulator.Deploy.0 = Release|Any CPU
		{F8FB4A5F-E6A9-470F-A0D5-B485BADDB93B}.AppStore|x64.ActiveCfg = Release|Any CPU
		{F8FB4A5F-E6A9-470F-A0D5-B485BADDB93B}.AppStore|x64.Build.0 = Release|Any CPU
		{F8FB4A5F-E6A9-470F-A0D5-B485BADDB93B}.AppStore|x64.Deploy.0 = Release|Any CPU
		{F8FB4A5F-E6A9-470F-A0D5-B485BADDB93B}.AppStore|x86.ActiveCfg = Release|Any CPU
		{F8FB4A5F-E6A9-470F-A0D5-B485BADDB93B}.AppStore|x86.Build.0 = Release|Any CPU
		{F8FB4A5F-E6A9-470F-A0D5-B485BADDB93B}.AppStore|x86.Deploy.0 = Release|Any CPU
		{F8FB4A5F-E6A9-470F-A0D5-B485BADDB93B}.Debug|Any CPU.ActiveCfg = Debug|Any CPU
		{F8FB4A5F-E6A9-470F-A0D5-B485BADDB93B}.Debug|Any CPU.Build.0 = Debug|Any CPU
		{F8FB4A5F-E6A9-470F-A0D5-B485BADDB93B}.Debug|Any CPU.Deploy.0 = Debug|Any CPU
		{F8FB4A5F-E6A9-470F-A0D5-B485BADDB93B}.Debug|ARM.ActiveCfg = Debug|Any CPU
		{F8FB4A5F-E6A9-470F-A0D5-B485BADDB93B}.Debug|ARM.Build.0 = Debug|Any CPU
		{F8FB4A5F-E6A9-470F-A0D5-B485BADDB93B}.Debug|ARM.Deploy.0 = Debug|Any CPU
		{F8FB4A5F-E6A9-470F-A0D5-B485BADDB93B}.Debug|iPhone.ActiveCfg = Debug|Any CPU
		{F8FB4A5F-E6A9-470F-A0D5-B485BADDB93B}.Debug|iPhone.Build.0 = Debug|Any CPU
		{F8FB4A5F-E6A9-470F-A0D5-B485BADDB93B}.Debug|iPhone.Deploy.0 = Debug|Any CPU
		{F8FB4A5F-E6A9-470F-A0D5-B485BADDB93B}.Debug|iPhoneSimulator.ActiveCfg = Debug|Any CPU
		{F8FB4A5F-E6A9-470F-A0D5-B485BADDB93B}.Debug|iPhoneSimulator.Build.0 = Debug|Any CPU
		{F8FB4A5F-E6A9-470F-A0D5-B485BADDB93B}.Debug|iPhoneSimulator.Deploy.0 = Debug|Any CPU
		{F8FB4A5F-E6A9-470F-A0D5-B485BADDB93B}.Debug|x64.ActiveCfg = Debug|Any CPU
		{F8FB4A5F-E6A9-470F-A0D5-B485BADDB93B}.Debug|x64.Build.0 = Debug|Any CPU
		{F8FB4A5F-E6A9-470F-A0D5-B485BADDB93B}.Debug|x64.Deploy.0 = Debug|Any CPU
		{F8FB4A5F-E6A9-470F-A0D5-B485BADDB93B}.Debug|x86.ActiveCfg = Debug|Any CPU
		{F8FB4A5F-E6A9-470F-A0D5-B485BADDB93B}.Debug|x86.Build.0 = Debug|Any CPU
		{F8FB4A5F-E6A9-470F-A0D5-B485BADDB93B}.Debug|x86.Deploy.0 = Debug|Any CPU
		{F8FB4A5F-E6A9-470F-A0D5-B485BADDB93B}.Release|Any CPU.ActiveCfg = Release|Any CPU
		{F8FB4A5F-E6A9-470F-A0D5-B485BADDB93B}.Release|Any CPU.Build.0 = Release|Any CPU
		{F8FB4A5F-E6A9-470F-A0D5-B485BADDB93B}.Release|Any CPU.Deploy.0 = Release|Any CPU
		{F8FB4A5F-E6A9-470F-A0D5-B485BADDB93B}.Release|ARM.ActiveCfg = Release|Any CPU
		{F8FB4A5F-E6A9-470F-A0D5-B485BADDB93B}.Release|ARM.Build.0 = Release|Any CPU
		{F8FB4A5F-E6A9-470F-A0D5-B485BADDB93B}.Release|ARM.Deploy.0 = Release|Any CPU
		{F8FB4A5F-E6A9-470F-A0D5-B485BADDB93B}.Release|iPhone.ActiveCfg = Release|Any CPU
		{F8FB4A5F-E6A9-470F-A0D5-B485BADDB93B}.Release|iPhone.Build.0 = Release|Any CPU
		{F8FB4A5F-E6A9-470F-A0D5-B485BADDB93B}.Release|iPhone.Deploy.0 = Release|Any CPU
		{F8FB4A5F-E6A9-470F-A0D5-B485BADDB93B}.Release|iPhoneSimulator.ActiveCfg = Release|Any CPU
		{F8FB4A5F-E6A9-470F-A0D5-B485BADDB93B}.Release|iPhoneSimulator.Build.0 = Release|Any CPU
		{F8FB4A5F-E6A9-470F-A0D5-B485BADDB93B}.Release|iPhoneSimulator.Deploy.0 = Release|Any CPU
		{F8FB4A5F-E6A9-470F-A0D5-B485BADDB93B}.Release|x64.ActiveCfg = Release|Any CPU
		{F8FB4A5F-E6A9-470F-A0D5-B485BADDB93B}.Release|x64.Build.0 = Release|Any CPU
		{F8FB4A5F-E6A9-470F-A0D5-B485BADDB93B}.Release|x64.Deploy.0 = Release|Any CPU
		{F8FB4A5F-E6A9-470F-A0D5-B485BADDB93B}.Release|x86.ActiveCfg = Release|Any CPU
		{F8FB4A5F-E6A9-470F-A0D5-B485BADDB93B}.Release|x86.Build.0 = Release|Any CPU
		{F8FB4A5F-E6A9-470F-A0D5-B485BADDB93B}.Release|x86.Deploy.0 = Release|Any CPU
		{A52F1D41-5F5A-400A-B1C6-1225B236B55A}.Ad-Hoc|Any CPU.ActiveCfg = Ad-Hoc|iPhone
		{A52F1D41-5F5A-400A-B1C6-1225B236B55A}.Ad-Hoc|ARM.ActiveCfg = Ad-Hoc|iPhone
		{A52F1D41-5F5A-400A-B1C6-1225B236B55A}.Ad-Hoc|iPhone.ActiveCfg = Ad-Hoc|iPhone
		{A52F1D41-5F5A-400A-B1C6-1225B236B55A}.Ad-Hoc|iPhone.Build.0 = Ad-Hoc|iPhone
		{A52F1D41-5F5A-400A-B1C6-1225B236B55A}.Ad-Hoc|iPhoneSimulator.ActiveCfg = Ad-Hoc|iPhoneSimulator
		{A52F1D41-5F5A-400A-B1C6-1225B236B55A}.Ad-Hoc|iPhoneSimulator.Build.0 = Ad-Hoc|iPhoneSimulator
		{A52F1D41-5F5A-400A-B1C6-1225B236B55A}.Ad-Hoc|x64.ActiveCfg = Ad-Hoc|iPhone
		{A52F1D41-5F5A-400A-B1C6-1225B236B55A}.Ad-Hoc|x86.ActiveCfg = Ad-Hoc|iPhone
		{A52F1D41-5F5A-400A-B1C6-1225B236B55A}.AppStore|Any CPU.ActiveCfg = AppStore|iPhone
		{A52F1D41-5F5A-400A-B1C6-1225B236B55A}.AppStore|ARM.ActiveCfg = AppStore|iPhone
		{A52F1D41-5F5A-400A-B1C6-1225B236B55A}.AppStore|iPhone.ActiveCfg = AppStore|iPhone
		{A52F1D41-5F5A-400A-B1C6-1225B236B55A}.AppStore|iPhone.Build.0 = AppStore|iPhone
		{A52F1D41-5F5A-400A-B1C6-1225B236B55A}.AppStore|iPhoneSimulator.ActiveCfg = AppStore|iPhoneSimulator
		{A52F1D41-5F5A-400A-B1C6-1225B236B55A}.AppStore|iPhoneSimulator.Build.0 = AppStore|iPhoneSimulator
		{A52F1D41-5F5A-400A-B1C6-1225B236B55A}.AppStore|x64.ActiveCfg = AppStore|iPhone
		{A52F1D41-5F5A-400A-B1C6-1225B236B55A}.AppStore|x86.ActiveCfg = AppStore|iPhone
		{A52F1D41-5F5A-400A-B1C6-1225B236B55A}.Debug|Any CPU.ActiveCfg = Debug|iPhone
		{A52F1D41-5F5A-400A-B1C6-1225B236B55A}.Debug|Any CPU.Build.0 = Debug|iPhone
		{A52F1D41-5F5A-400A-B1C6-1225B236B55A}.Debug|ARM.ActiveCfg = Debug|iPhone
		{A52F1D41-5F5A-400A-B1C6-1225B236B55A}.Debug|iPhone.ActiveCfg = Debug|iPhone
		{A52F1D41-5F5A-400A-B1C6-1225B236B55A}.Debug|iPhone.Build.0 = Debug|iPhone
		{A52F1D41-5F5A-400A-B1C6-1225B236B55A}.Debug|iPhoneSimulator.ActiveCfg = Debug|iPhoneSimulator
		{A52F1D41-5F5A-400A-B1C6-1225B236B55A}.Debug|iPhoneSimulator.Build.0 = Debug|iPhoneSimulator
		{A52F1D41-5F5A-400A-B1C6-1225B236B55A}.Debug|x64.ActiveCfg = Debug|iPhone
		{A52F1D41-5F5A-400A-B1C6-1225B236B55A}.Debug|x86.ActiveCfg = Debug|iPhone
		{A52F1D41-5F5A-400A-B1C6-1225B236B55A}.Debug|x86.Build.0 = Debug|iPhone
		{A52F1D41-5F5A-400A-B1C6-1225B236B55A}.Release|Any CPU.ActiveCfg = Release|iPhone
		{A52F1D41-5F5A-400A-B1C6-1225B236B55A}.Release|Any CPU.Build.0 = Release|iPhone
		{A52F1D41-5F5A-400A-B1C6-1225B236B55A}.Release|ARM.ActiveCfg = Release|iPhone
		{A52F1D41-5F5A-400A-B1C6-1225B236B55A}.Release|iPhone.ActiveCfg = Release|iPhone
		{A52F1D41-5F5A-400A-B1C6-1225B236B55A}.Release|iPhone.Build.0 = Release|iPhone
		{A52F1D41-5F5A-400A-B1C6-1225B236B55A}.Release|iPhoneSimulator.ActiveCfg = Release|iPhoneSimulator
		{A52F1D41-5F5A-400A-B1C6-1225B236B55A}.Release|iPhoneSimulator.Build.0 = Release|iPhoneSimulator
		{A52F1D41-5F5A-400A-B1C6-1225B236B55A}.Release|x64.ActiveCfg = Release|iPhone
		{A52F1D41-5F5A-400A-B1C6-1225B236B55A}.Release|x86.ActiveCfg = Release|iPhone
		{E67232AE-84B8-400B-BD13-80E750DBE388}.Ad-Hoc|Any CPU.ActiveCfg = Release|x86
		{E67232AE-84B8-400B-BD13-80E750DBE388}.Ad-Hoc|Any CPU.Build.0 = Release|x86
		{E67232AE-84B8-400B-BD13-80E750DBE388}.Ad-Hoc|Any CPU.Deploy.0 = Release|x86
		{E67232AE-84B8-400B-BD13-80E750DBE388}.Ad-Hoc|ARM.ActiveCfg = Release|ARM
		{E67232AE-84B8-400B-BD13-80E750DBE388}.Ad-Hoc|ARM.Build.0 = Release|ARM
		{E67232AE-84B8-400B-BD13-80E750DBE388}.Ad-Hoc|ARM.Deploy.0 = Release|ARM
		{E67232AE-84B8-400B-BD13-80E750DBE388}.Ad-Hoc|iPhone.ActiveCfg = Release|x86
		{E67232AE-84B8-400B-BD13-80E750DBE388}.Ad-Hoc|iPhone.Build.0 = Release|x86
		{E67232AE-84B8-400B-BD13-80E750DBE388}.Ad-Hoc|iPhone.Deploy.0 = Release|x86
		{E67232AE-84B8-400B-BD13-80E750DBE388}.Ad-Hoc|iPhoneSimulator.ActiveCfg = Release|x86
		{E67232AE-84B8-400B-BD13-80E750DBE388}.Ad-Hoc|iPhoneSimulator.Build.0 = Release|x86
		{E67232AE-84B8-400B-BD13-80E750DBE388}.Ad-Hoc|iPhoneSimulator.Deploy.0 = Release|x86
		{E67232AE-84B8-400B-BD13-80E750DBE388}.Ad-Hoc|x64.ActiveCfg = Release|x64
		{E67232AE-84B8-400B-BD13-80E750DBE388}.Ad-Hoc|x64.Build.0 = Release|x64
		{E67232AE-84B8-400B-BD13-80E750DBE388}.Ad-Hoc|x64.Deploy.0 = Release|x64
		{E67232AE-84B8-400B-BD13-80E750DBE388}.Ad-Hoc|x86.ActiveCfg = Release|x86
		{E67232AE-84B8-400B-BD13-80E750DBE388}.Ad-Hoc|x86.Build.0 = Release|x86
		{E67232AE-84B8-400B-BD13-80E750DBE388}.Ad-Hoc|x86.Deploy.0 = Release|x86
		{E67232AE-84B8-400B-BD13-80E750DBE388}.AppStore|Any CPU.ActiveCfg = Release|x86
		{E67232AE-84B8-400B-BD13-80E750DBE388}.AppStore|Any CPU.Build.0 = Release|x86
		{E67232AE-84B8-400B-BD13-80E750DBE388}.AppStore|Any CPU.Deploy.0 = Release|x86
		{E67232AE-84B8-400B-BD13-80E750DBE388}.AppStore|ARM.ActiveCfg = Release|ARM
		{E67232AE-84B8-400B-BD13-80E750DBE388}.AppStore|ARM.Build.0 = Release|ARM
		{E67232AE-84B8-400B-BD13-80E750DBE388}.AppStore|ARM.Deploy.0 = Release|ARM
		{E67232AE-84B8-400B-BD13-80E750DBE388}.AppStore|iPhone.ActiveCfg = Release|x86
		{E67232AE-84B8-400B-BD13-80E750DBE388}.AppStore|iPhone.Build.0 = Release|x86
		{E67232AE-84B8-400B-BD13-80E750DBE388}.AppStore|iPhone.Deploy.0 = Release|x86
		{E67232AE-84B8-400B-BD13-80E750DBE388}.AppStore|iPhoneSimulator.ActiveCfg = Release|x86
		{E67232AE-84B8-400B-BD13-80E750DBE388}.AppStore|iPhoneSimulator.Build.0 = Release|x86
		{E67232AE-84B8-400B-BD13-80E750DBE388}.AppStore|iPhoneSimulator.Deploy.0 = Release|x86
		{E67232AE-84B8-400B-BD13-80E750DBE388}.AppStore|x64.ActiveCfg = Release|x64
		{E67232AE-84B8-400B-BD13-80E750DBE388}.AppStore|x64.Build.0 = Release|x64
		{E67232AE-84B8-400B-BD13-80E750DBE388}.AppStore|x64.Deploy.0 = Release|x64
		{E67232AE-84B8-400B-BD13-80E750DBE388}.AppStore|x86.ActiveCfg = Release|x86
		{E67232AE-84B8-400B-BD13-80E750DBE388}.AppStore|x86.Build.0 = Release|x86
		{E67232AE-84B8-400B-BD13-80E750DBE388}.AppStore|x86.Deploy.0 = Release|x86
		{E67232AE-84B8-400B-BD13-80E750DBE388}.Debug|Any CPU.ActiveCfg = Debug|x86
		{E67232AE-84B8-400B-BD13-80E750DBE388}.Debug|Any CPU.Build.0 = Debug|x86
		{E67232AE-84B8-400B-BD13-80E750DBE388}.Debug|Any CPU.Deploy.0 = Debug|x86
		{E67232AE-84B8-400B-BD13-80E750DBE388}.Debug|ARM.ActiveCfg = Debug|ARM
		{E67232AE-84B8-400B-BD13-80E750DBE388}.Debug|ARM.Build.0 = Debug|ARM
		{E67232AE-84B8-400B-BD13-80E750DBE388}.Debug|ARM.Deploy.0 = Debug|ARM
		{E67232AE-84B8-400B-BD13-80E750DBE388}.Debug|iPhone.ActiveCfg = Debug|x86
		{E67232AE-84B8-400B-BD13-80E750DBE388}.Debug|iPhoneSimulator.ActiveCfg = Debug|x86
		{E67232AE-84B8-400B-BD13-80E750DBE388}.Debug|x64.ActiveCfg = Debug|x64
		{E67232AE-84B8-400B-BD13-80E750DBE388}.Debug|x64.Build.0 = Debug|x64
		{E67232AE-84B8-400B-BD13-80E750DBE388}.Debug|x64.Deploy.0 = Debug|x64
		{E67232AE-84B8-400B-BD13-80E750DBE388}.Debug|x86.ActiveCfg = Debug|x86
		{E67232AE-84B8-400B-BD13-80E750DBE388}.Debug|x86.Build.0 = Debug|x86
		{E67232AE-84B8-400B-BD13-80E750DBE388}.Debug|x86.Deploy.0 = Debug|x86
		{E67232AE-84B8-400B-BD13-80E750DBE388}.Release|Any CPU.ActiveCfg = Release|x86
		{E67232AE-84B8-400B-BD13-80E750DBE388}.Release|Any CPU.Build.0 = Release|x86
		{E67232AE-84B8-400B-BD13-80E750DBE388}.Release|Any CPU.Deploy.0 = Release|x86
		{E67232AE-84B8-400B-BD13-80E750DBE388}.Release|ARM.ActiveCfg = Release|ARM
		{E67232AE-84B8-400B-BD13-80E750DBE388}.Release|ARM.Build.0 = Release|ARM
		{E67232AE-84B8-400B-BD13-80E750DBE388}.Release|ARM.Deploy.0 = Release|ARM
		{E67232AE-84B8-400B-BD13-80E750DBE388}.Release|iPhone.ActiveCfg = Release|x86
		{E67232AE-84B8-400B-BD13-80E750DBE388}.Release|iPhoneSimulator.ActiveCfg = Release|x86
		{E67232AE-84B8-400B-BD13-80E750DBE388}.Release|x64.ActiveCfg = Release|x64
		{E67232AE-84B8-400B-BD13-80E750DBE388}.Release|x64.Build.0 = Release|x64
		{E67232AE-84B8-400B-BD13-80E750DBE388}.Release|x64.Deploy.0 = Release|x64
		{E67232AE-84B8-400B-BD13-80E750DBE388}.Release|x86.ActiveCfg = Release|x86
		{E67232AE-84B8-400B-BD13-80E750DBE388}.Release|x86.Build.0 = Release|x86
		{E67232AE-84B8-400B-BD13-80E750DBE388}.Release|x86.Deploy.0 = Release|x86
		{AFDD6E9B-C2D8-44E4-A829-17446D9C485F}.Ad-Hoc|Any CPU.ActiveCfg = Release|Any CPU
		{AFDD6E9B-C2D8-44E4-A829-17446D9C485F}.Ad-Hoc|Any CPU.Build.0 = Release|Any CPU
		{AFDD6E9B-C2D8-44E4-A829-17446D9C485F}.Ad-Hoc|ARM.ActiveCfg = Release|Any CPU
		{AFDD6E9B-C2D8-44E4-A829-17446D9C485F}.Ad-Hoc|ARM.Build.0 = Release|Any CPU
		{AFDD6E9B-C2D8-44E4-A829-17446D9C485F}.Ad-Hoc|iPhone.ActiveCfg = Release|Any CPU
		{AFDD6E9B-C2D8-44E4-A829-17446D9C485F}.Ad-Hoc|iPhone.Build.0 = Release|Any CPU
		{AFDD6E9B-C2D8-44E4-A829-17446D9C485F}.Ad-Hoc|iPhoneSimulator.ActiveCfg = Release|Any CPU
		{AFDD6E9B-C2D8-44E4-A829-17446D9C485F}.Ad-Hoc|iPhoneSimulator.Build.0 = Release|Any CPU
		{AFDD6E9B-C2D8-44E4-A829-17446D9C485F}.Ad-Hoc|x64.ActiveCfg = Release|Any CPU
		{AFDD6E9B-C2D8-44E4-A829-17446D9C485F}.Ad-Hoc|x64.Build.0 = Release|Any CPU
		{AFDD6E9B-C2D8-44E4-A829-17446D9C485F}.Ad-Hoc|x86.ActiveCfg = Release|x86
		{AFDD6E9B-C2D8-44E4-A829-17446D9C485F}.Ad-Hoc|x86.Build.0 = Release|x86
		{AFDD6E9B-C2D8-44E4-A829-17446D9C485F}.AppStore|Any CPU.ActiveCfg = Release|Any CPU
		{AFDD6E9B-C2D8-44E4-A829-17446D9C485F}.AppStore|Any CPU.Build.0 = Release|Any CPU
		{AFDD6E9B-C2D8-44E4-A829-17446D9C485F}.AppStore|ARM.ActiveCfg = Release|Any CPU
		{AFDD6E9B-C2D8-44E4-A829-17446D9C485F}.AppStore|ARM.Build.0 = Release|Any CPU
		{AFDD6E9B-C2D8-44E4-A829-17446D9C485F}.AppStore|iPhone.ActiveCfg = Release|Any CPU
		{AFDD6E9B-C2D8-44E4-A829-17446D9C485F}.AppStore|iPhone.Build.0 = Release|Any CPU
		{AFDD6E9B-C2D8-44E4-A829-17446D9C485F}.AppStore|iPhoneSimulator.ActiveCfg = Release|Any CPU
		{AFDD6E9B-C2D8-44E4-A829-17446D9C485F}.AppStore|iPhoneSimulator.Build.0 = Release|Any CPU
		{AFDD6E9B-C2D8-44E4-A829-17446D9C485F}.AppStore|x64.ActiveCfg = Release|Any CPU
		{AFDD6E9B-C2D8-44E4-A829-17446D9C485F}.AppStore|x64.Build.0 = Release|Any CPU
		{AFDD6E9B-C2D8-44E4-A829-17446D9C485F}.AppStore|x86.ActiveCfg = Release|x86
		{AFDD6E9B-C2D8-44E4-A829-17446D9C485F}.AppStore|x86.Build.0 = Release|x86
		{AFDD6E9B-C2D8-44E4-A829-17446D9C485F}.Debug|Any CPU.ActiveCfg = Debug|Any CPU
		{AFDD6E9B-C2D8-44E4-A829-17446D9C485F}.Debug|Any CPU.Build.0 = Debug|Any CPU
		{AFDD6E9B-C2D8-44E4-A829-17446D9C485F}.Debug|ARM.ActiveCfg = Debug|Any CPU
		{AFDD6E9B-C2D8-44E4-A829-17446D9C485F}.Debug|ARM.Build.0 = Debug|Any CPU
		{AFDD6E9B-C2D8-44E4-A829-17446D9C485F}.Debug|iPhone.ActiveCfg = Debug|Any CPU
		{AFDD6E9B-C2D8-44E4-A829-17446D9C485F}.Debug|iPhone.Build.0 = Debug|Any CPU
		{AFDD6E9B-C2D8-44E4-A829-17446D9C485F}.Debug|iPhoneSimulator.ActiveCfg = Debug|Any CPU
		{AFDD6E9B-C2D8-44E4-A829-17446D9C485F}.Debug|iPhoneSimulator.Build.0 = Debug|Any CPU
		{AFDD6E9B-C2D8-44E4-A829-17446D9C485F}.Debug|x64.ActiveCfg = Debug|Any CPU
		{AFDD6E9B-C2D8-44E4-A829-17446D9C485F}.Debug|x64.Build.0 = Debug|Any CPU
		{AFDD6E9B-C2D8-44E4-A829-17446D9C485F}.Debug|x86.ActiveCfg = Debug|x86
		{AFDD6E9B-C2D8-44E4-A829-17446D9C485F}.Debug|x86.Build.0 = Debug|x86
		{AFDD6E9B-C2D8-44E4-A829-17446D9C485F}.Release|Any CPU.ActiveCfg = Release|Any CPU
		{AFDD6E9B-C2D8-44E4-A829-17446D9C485F}.Release|Any CPU.Build.0 = Release|Any CPU
		{AFDD6E9B-C2D8-44E4-A829-17446D9C485F}.Release|ARM.ActiveCfg = Release|Any CPU
		{AFDD6E9B-C2D8-44E4-A829-17446D9C485F}.Release|ARM.Build.0 = Release|Any CPU
		{AFDD6E9B-C2D8-44E4-A829-17446D9C485F}.Release|iPhone.ActiveCfg = Release|Any CPU
		{AFDD6E9B-C2D8-44E4-A829-17446D9C485F}.Release|iPhone.Build.0 = Release|Any CPU
		{AFDD6E9B-C2D8-44E4-A829-17446D9C485F}.Release|iPhoneSimulator.ActiveCfg = Release|Any CPU
		{AFDD6E9B-C2D8-44E4-A829-17446D9C485F}.Release|iPhoneSimulator.Build.0 = Release|Any CPU
		{AFDD6E9B-C2D8-44E4-A829-17446D9C485F}.Release|x64.ActiveCfg = Release|Any CPU
		{AFDD6E9B-C2D8-44E4-A829-17446D9C485F}.Release|x64.Build.0 = Release|Any CPU
		{AFDD6E9B-C2D8-44E4-A829-17446D9C485F}.Release|x86.ActiveCfg = Release|x86
		{AFDD6E9B-C2D8-44E4-A829-17446D9C485F}.Release|x86.Build.0 = Release|x86
	EndGlobalSection
	GlobalSection(SolutionProperties) = preSolution
		HideSolutionNode = FALSE
	EndGlobalSection
	GlobalSection(ExtensibilityGlobals) = postSolution
		SolutionGuid = {40D98E52-F2F7-4012-9E44-BBBE94448BBC}
	EndGlobalSection
EndGlobal
